
Microsoft Visual Studio Solution File, Format Version 12.00
# Visual Studio Version 17
VisualStudioVersion = 17.3.32929.385
MinimumVisualStudioVersion = 10.0.40219.1
Project("{9A19103F-16F7-4668-BE54-9A1E7A4F7556}") = "Site.UI", "src\Site.UI\Site.UI.csproj", "{E0810F95-B31B-4C06-8C71-FC714BDE2D5C}"
EndProject
Global
	GlobalSection(SolutionConfigurationPlatforms) = preSolution
		Debug|Any CPU = Debug|Any CPU
		Release|Any CPU = Release|Any CPU
	EndGlobalSection
	GlobalSection(ProjectConfigurationPlatforms) = postSolution
		{E0810F95-B31B-4C06-8C71-FC714BDE2D5C}.Debug|Any CPU.ActiveCfg = Debug|Any CPU
		{E0810F95-B31B-4C06-8C71-FC714BDE2D5C}.Debug|Any CPU.Build.0 = Debug|Any CPU
		{E0810F95-B31B-4C06-8C71-FC714BDE2D5C}.Release|Any CPU.ActiveCfg = Release|Any CPU
		{E0810F95-B31B-4C06-8C71-FC714BDE2D5C}.Release|Any CPU.Build.0 = Release|Any CPU
	EndGlobalSection
	GlobalSection(SolutionProperties) = preSolution
		HideSolutionNode = FALSE
	EndGlobalSection
	GlobalSection(ExtensibilityGlobals) = postSolution
		SolutionGuid = {331DD31A-FEB5-4DF2-8F62-CA3FC2271A25}
	EndGlobalSection
EndGlobal
